
Microsoft Visual Studio Solution File, Format Version 12.00
# Visual Studio Version 17
VisualStudioVersion = 17.4.33110.190
MinimumVisualStudioVersion = 10.0.40219.1
Project("{F2A71F9B-5D33-465A-A702-920D77279786}") = "MockServer", "MockServer\MockServer.fsproj", "{439410CE-502F-4C90-969B-70C6462E9952}"
EndProject
Global
	GlobalSection(SolutionConfigurationPlatforms) = preSolution
		Debug|Any CPU = Debug|Any CPU
		Release|Any CPU = Release|Any CPU
	EndGlobalSection
	GlobalSection(ProjectConfigurationPlatforms) = postSolution
		{439410CE-502F-4C90-969B-70C6462E9952}.Debug|Any CPU.ActiveCfg = Debug|Any CPU
		{439410CE-502F-4C90-969B-70C6462E9952}.Debug|Any CPU.Build.0 = Debug|Any CPU
		{439410CE-502F-4C90-969B-70C6462E9952}.Release|Any CPU.ActiveCfg = Release|Any CPU
		{439410CE-502F-4C90-969B-70C6462E9952}.Release|Any CPU.Build.0 = Release|Any CPU
	EndGlobalSection
	GlobalSection(SolutionProperties) = preSolution
		HideSolutionNode = FALSE
	EndGlobalSection
	GlobalSection(ExtensibilityGlobals) = postSolution
		SolutionGuid = {769496C0-7E26-418F-9AFC-7EA3C6568CCD}
	EndGlobalSection
EndGlobal
